
Microsoft Visual Studio Solution File, Format Version 12.00
# Visual Studio Version 16
VisualStudioVersion = 16.0.29924.181
MinimumVisualStudioVersion = 10.0.40219.1
Project("{FAE04EC0-301F-11D3-BF4B-00C04F79EFBC}") = "TransactionsShowcase", "TransactionsShowcase\TransactionsShowcase.csproj", "{0BF508AF-C94A-4AEF-A65B-F2B34DE4F50C}"
EndProject
Global
	GlobalSection(SolutionConfigurationPlatforms) = preSolution
		Debug|Any CPU = Debug|Any CPU
		Release|Any CPU = Release|Any CPU
	EndGlobalSection
	GlobalSection(ProjectConfigurationPlatforms) = postSolution
		{0BF508AF-C94A-4AEF-A65B-F2B34DE4F50C}.Debug|Any CPU.ActiveCfg = Debug|Any CPU
		{0BF508AF-C94A-4AEF-A65B-F2B34DE4F50C}.Debug|Any CPU.Build.0 = Debug|Any CPU
		{0BF508AF-C94A-4AEF-A65B-F2B34DE4F50C}.Release|Any CPU.ActiveCfg = Release|Any CPU
		{0BF508AF-C94A-4AEF-A65B-F2B34DE4F50C}.Release|Any CPU.Build.0 = Release|Any CPU
	EndGlobalSection
	GlobalSection(SolutionProperties) = preSolution
		HideSolutionNode = FALSE
	EndGlobalSection
	GlobalSection(ExtensibilityGlobals) = postSolution
		SolutionGuid = {ADA2614D-A922-4934-ADA2-F567AECB862E}
	EndGlobalSection
EndGlobal
